
Microsoft Visual Studio Solution File, Format Version 12.00
# Visual Studio Version 16
VisualStudioVersion = 16.0.29025.244
MinimumVisualStudioVersion = 10.0.40219.1
Project("{FAE04EC0-301F-11D3-BF4B-00C04F79EFBC}") = "SnippetMan", "SnippetMan\SnippetMan.csproj", "{D88DEB06-54F3-4AC2-96D1-C4D5ACE65706}"
EndProject
Project("{FAE04EC0-301F-11D3-BF4B-00C04F79EFBC}") = "TestSnippetMan", "TestSnippetMan\TestSnippetMan.csproj", "{57C4E96E-5CE3-4A38-BD8B-BCEDD6E6BD96}"
EndProject
Global
	GlobalSection(SolutionConfigurationPlatforms) = preSolution
		Debug|Any CPU = Debug|Any CPU
		Release|Any CPU = Release|Any CPU
	EndGlobalSection
	GlobalSection(ProjectConfigurationPlatforms) = postSolution
		{D88DEB06-54F3-4AC2-96D1-C4D5ACE65706}.Debug|Any CPU.ActiveCfg = Debug|Any CPU
		{D88DEB06-54F3-4AC2-96D1-C4D5ACE65706}.Debug|Any CPU.Build.0 = Debug|Any CPU
		{D88DEB06-54F3-4AC2-96D1-C4D5ACE65706}.Release|Any CPU.ActiveCfg = Release|Any CPU
		{D88DEB06-54F3-4AC2-96D1-C4D5ACE65706}.Release|Any CPU.Build.0 = Release|Any CPU
		{57C4E96E-5CE3-4A38-BD8B-BCEDD6E6BD96}.Debug|Any CPU.ActiveCfg = Debug|Any CPU
		{57C4E96E-5CE3-4A38-BD8B-BCEDD6E6BD96}.Debug|Any CPU.Build.0 = Debug|Any CPU
		{57C4E96E-5CE3-4A38-BD8B-BCEDD6E6BD96}.Release|Any CPU.ActiveCfg = Release|Any CPU
		{57C4E96E-5CE3-4A38-BD8B-BCEDD6E6BD96}.Release|Any CPU.Build.0 = Release|Any CPU
	EndGlobalSection
	GlobalSection(SolutionProperties) = preSolution
		HideSolutionNode = FALSE
	EndGlobalSection
	GlobalSection(ExtensibilityGlobals) = postSolution
		SolutionGuid = {5058031A-ACBC-44BF-AA72-4449D898FDCE}
	EndGlobalSection
EndGlobal
